
Microsoft Visual Studio Solution File, Format Version 11.00
# Visual Studio 2010
Project("{FAE04EC0-301F-11D3-BF4B-00C04F79EFBC}") = "ExternalProviderAuthentication.iOS", "ExternalProviderAuthentication.iOS\ExternalProviderAuthentication.iOS.csproj", "{FF0D6A0E-A25E-4244-BB7B-3AB01FD7C665}"
EndProject
Global
	GlobalSection(SolutionConfigurationPlatforms) = preSolution
		Debug|iPhoneSimulator = Debug|iPhoneSimulator
		Release|iPhoneSimulator = Release|iPhoneSimulator
		Debug|iPhone = Debug|iPhone
		Release|iPhone = Release|iPhone
		Ad-Hoc|iPhone = Ad-Hoc|iPhone
		AppStore|iPhone = AppStore|iPhone
	EndGlobalSection
	GlobalSection(ProjectConfigurationPlatforms) = postSolution
		{FF0D6A0E-A25E-4244-BB7B-3AB01FD7C665}.Ad-Hoc|iPhone.ActiveCfg = Ad-Hoc|iPhone
		{FF0D6A0E-A25E-4244-BB7B-3AB01FD7C665}.Ad-Hoc|iPhone.Build.0 = Ad-Hoc|iPhone
		{FF0D6A0E-A25E-4244-BB7B-3AB01FD7C665}.AppStore|iPhone.ActiveCfg = AppStore|iPhone
		{FF0D6A0E-A25E-4244-BB7B-3AB01FD7C665}.AppStore|iPhone.Build.0 = AppStore|iPhone
		{FF0D6A0E-A25E-4244-BB7B-3AB01FD7C665}.Debug|iPhone.ActiveCfg = Debug|iPhone
		{FF0D6A0E-A25E-4244-BB7B-3AB01FD7C665}.Debug|iPhone.Build.0 = Debug|iPhone
		{FF0D6A0E-A25E-4244-BB7B-3AB01FD7C665}.Debug|iPhoneSimulator.ActiveCfg = Debug|iPhoneSimulator
		{FF0D6A0E-A25E-4244-BB7B-3AB01FD7C665}.Debug|iPhoneSimulator.Build.0 = Debug|iPhoneSimulator
		{FF0D6A0E-A25E-4244-BB7B-3AB01FD7C665}.Release|iPhone.ActiveCfg = Release|iPhone
		{FF0D6A0E-A25E-4244-BB7B-3AB01FD7C665}.Release|iPhone.Build.0 = Release|iPhone
		{FF0D6A0E-A25E-4244-BB7B-3AB01FD7C665}.Release|iPhoneSimulator.ActiveCfg = Release|iPhoneSimulator
		{FF0D6A0E-A25E-4244-BB7B-3AB01FD7C665}.Release|iPhoneSimulator.Build.0 = Release|iPhoneSimulator
	EndGlobalSection
	GlobalSection(MonoDevelopProperties) = preSolution
		StartupItem = ExternalProviderAuthentication.iOS\ExternalProviderAuthentication.iOS.csproj
	EndGlobalSection
EndGlobal
